
Microsoft Visual Studio Solution File, Format Version 12.00
# Visual Studio 15
VisualStudioVersion = 15.0.28307.489
MinimumVisualStudioVersion = 10.0.40219.1
Project("{FAE04EC0-301F-11D3-BF4B-00C04F79EFBC}") = "1A_B181210057_Odev1", "1A_B181210057_Odev1\1A_B181210057_Odev1.csproj", "{534CE952-B6BD-4510-917F-CF386C492174}"
EndProject
Global
	GlobalSection(SolutionConfigurationPlatforms) = preSolution
		Debug|Any CPU = Debug|Any CPU
		Release|Any CPU = Release|Any CPU
	EndGlobalSection
	GlobalSection(ProjectConfigurationPlatforms) = postSolution
		{534CE952-B6BD-4510-917F-CF386C492174}.Debug|Any CPU.ActiveCfg = Debug|Any CPU
		{534CE952-B6BD-4510-917F-CF386C492174}.Debug|Any CPU.Build.0 = Debug|Any CPU
		{534CE952-B6BD-4510-917F-CF386C492174}.Release|Any CPU.ActiveCfg = Release|Any CPU
		{534CE952-B6BD-4510-917F-CF386C492174}.Release|Any CPU.Build.0 = Release|Any CPU
	EndGlobalSection
	GlobalSection(SolutionProperties) = preSolution
		HideSolutionNode = FALSE
	EndGlobalSection
	GlobalSection(ExtensibilityGlobals) = postSolution
		SolutionGuid = {5EDA691B-B855-4DD6-B4EF-319CA0E772FD}
	EndGlobalSection
EndGlobal
